
Microsoft Visual Studio Solution File, Format Version 12.00
# Visual Studio Version 16
VisualStudioVersion = 16.0.30711.63
MinimumVisualStudioVersion = 10.0.40219.1
Project("{FAE04EC0-301F-11D3-BF4B-00C04F79EFBC}") = "Inscript", "Prova1\Inscript.csproj", "{1D25AB18-FC13-4889-A865-29CEEF07F697}"
EndProject
Global
	GlobalSection(SolutionConfigurationPlatforms) = preSolution
		Debug|Any CPU = Debug|Any CPU
		Release|Any CPU = Release|Any CPU
	EndGlobalSection
	GlobalSection(ProjectConfigurationPlatforms) = postSolution
		{1D25AB18-FC13-4889-A865-29CEEF07F697}.Debug|Any CPU.ActiveCfg = Debug|Any CPU
		{1D25AB18-FC13-4889-A865-29CEEF07F697}.Debug|Any CPU.Build.0 = Debug|Any CPU
		{1D25AB18-FC13-4889-A865-29CEEF07F697}.Release|Any CPU.ActiveCfg = Release|Any CPU
		{1D25AB18-FC13-4889-A865-29CEEF07F697}.Release|Any CPU.Build.0 = Release|Any CPU
	EndGlobalSection
	GlobalSection(SolutionProperties) = preSolution
		HideSolutionNode = FALSE
	EndGlobalSection
	GlobalSection(ExtensibilityGlobals) = postSolution
		SolutionGuid = {A001716B-6D2C-420B-8A92-F03B826BC416}
	EndGlobalSection
EndGlobal
