
Microsoft Visual Studio Solution File, Format Version 12.00
# Visual Studio Version 16
VisualStudioVersion = 16.0.30711.63
MinimumVisualStudioVersion = 10.0.40219.1
Project("{9A19103F-16F7-4668-BE54-9A1E7A4F7556}") = "Inscript", "Inscript\Inscript.csproj", "{864F7099-44C1-4DC0-B2BE-34B3A5427618}"
EndProject
Project("{9A19103F-16F7-4668-BE54-9A1E7A4F7556}") = "drawphasemanager", "drawphasemanager\drawphasemanager.csproj", "{4DEB2A19-C2E7-4E2F-A3B7-F2DF1D5A8B94}"
EndProject
Project("{9A19103F-16F7-4668-BE54-9A1E7A4F7556}") = "shared", "shared\shared.csproj", "{8EBEB08D-B372-4109-89B9-FC6B5B2998CF}"
EndProject
Project("{9A19103F-16F7-4668-BE54-9A1E7A4F7556}") = "mainphasemanager", "mainphasemanager\mainphasemanager.csproj", "{E78E252F-5BA7-4E06-89B9-2B23DF265F52}"
EndProject
Project("{9A19103F-16F7-4668-BE54-9A1E7A4F7556}") = "cards", "cards\cards.csproj", "{91E04F70-86DD-4FA6-A129-18EE91C5FD5C}"
EndProject
Project("{9A19103F-16F7-4668-BE54-9A1E7A4F7556}") = "battlephasemanager", "battlephasemanager\battlephasemanager.csproj", "{A29E60E4-C859-4EFE-9B9B-86A865A125E0}"
EndProject
Project("{9A19103F-16F7-4668-BE54-9A1E7A4F7556}") = "gamemaster", "gamemaster\gamemaster.csproj", "{5E4F21DF-24ED-4732-AD2D-E9CCEDEBB1C9}"
EndProject
Project("{9A19103F-16F7-4668-BE54-9A1E7A4F7556}") = "test", "test\test.csproj", "{52377297-3C34-4A82-8D5A-6DF217C7A024}"
EndProject
Global
	GlobalSection(SolutionConfigurationPlatforms) = preSolution
		Debug|Any CPU = Debug|Any CPU
		Release|Any CPU = Release|Any CPU
	EndGlobalSection
	GlobalSection(ProjectConfigurationPlatforms) = postSolution
		{864F7099-44C1-4DC0-B2BE-34B3A5427618}.Debug|Any CPU.ActiveCfg = Debug|Any CPU
		{864F7099-44C1-4DC0-B2BE-34B3A5427618}.Debug|Any CPU.Build.0 = Debug|Any CPU
		{864F7099-44C1-4DC0-B2BE-34B3A5427618}.Release|Any CPU.ActiveCfg = Release|Any CPU
		{864F7099-44C1-4DC0-B2BE-34B3A5427618}.Release|Any CPU.Build.0 = Release|Any CPU
		{4DEB2A19-C2E7-4E2F-A3B7-F2DF1D5A8B94}.Debug|Any CPU.ActiveCfg = Debug|Any CPU
		{4DEB2A19-C2E7-4E2F-A3B7-F2DF1D5A8B94}.Debug|Any CPU.Build.0 = Debug|Any CPU
		{4DEB2A19-C2E7-4E2F-A3B7-F2DF1D5A8B94}.Release|Any CPU.ActiveCfg = Release|Any CPU
		{4DEB2A19-C2E7-4E2F-A3B7-F2DF1D5A8B94}.Release|Any CPU.Build.0 = Release|Any CPU
		{8EBEB08D-B372-4109-89B9-FC6B5B2998CF}.Debug|Any CPU.ActiveCfg = Debug|Any CPU
		{8EBEB08D-B372-4109-89B9-FC6B5B2998CF}.Debug|Any CPU.Build.0 = Debug|Any CPU
		{8EBEB08D-B372-4109-89B9-FC6B5B2998CF}.Release|Any CPU.ActiveCfg = Release|Any CPU
		{8EBEB08D-B372-4109-89B9-FC6B5B2998CF}.Release|Any CPU.Build.0 = Release|Any CPU
		{E78E252F-5BA7-4E06-89B9-2B23DF265F52}.Debug|Any CPU.ActiveCfg = Debug|Any CPU
		{E78E252F-5BA7-4E06-89B9-2B23DF265F52}.Debug|Any CPU.Build.0 = Debug|Any CPU
		{E78E252F-5BA7-4E06-89B9-2B23DF265F52}.Release|Any CPU.ActiveCfg = Release|Any CPU
		{E78E252F-5BA7-4E06-89B9-2B23DF265F52}.Release|Any CPU.Build.0 = Release|Any CPU
		{91E04F70-86DD-4FA6-A129-18EE91C5FD5C}.Debug|Any CPU.ActiveCfg = Debug|Any CPU
		{91E04F70-86DD-4FA6-A129-18EE91C5FD5C}.Debug|Any CPU.Build.0 = Debug|Any CPU
		{91E04F70-86DD-4FA6-A129-18EE91C5FD5C}.Release|Any CPU.ActiveCfg = Release|Any CPU
		{91E04F70-86DD-4FA6-A129-18EE91C5FD5C}.Release|Any CPU.Build.0 = Release|Any CPU
		{A29E60E4-C859-4EFE-9B9B-86A865A125E0}.Debug|Any CPU.ActiveCfg = Debug|Any CPU
		{A29E60E4-C859-4EFE-9B9B-86A865A125E0}.Debug|Any CPU.Build.0 = Debug|Any CPU
		{A29E60E4-C859-4EFE-9B9B-86A865A125E0}.Release|Any CPU.ActiveCfg = Release|Any CPU
		{A29E60E4-C859-4EFE-9B9B-86A865A125E0}.Release|Any CPU.Build.0 = Release|Any CPU
		{5E4F21DF-24ED-4732-AD2D-E9CCEDEBB1C9}.Debug|Any CPU.ActiveCfg = Debug|Any CPU
		{5E4F21DF-24ED-4732-AD2D-E9CCEDEBB1C9}.Debug|Any CPU.Build.0 = Debug|Any CPU
		{5E4F21DF-24ED-4732-AD2D-E9CCEDEBB1C9}.Release|Any CPU.ActiveCfg = Release|Any CPU
		{5E4F21DF-24ED-4732-AD2D-E9CCEDEBB1C9}.Release|Any CPU.Build.0 = Release|Any CPU
		{52377297-3C34-4A82-8D5A-6DF217C7A024}.Debug|Any CPU.ActiveCfg = Debug|Any CPU
		{52377297-3C34-4A82-8D5A-6DF217C7A024}.Debug|Any CPU.Build.0 = Debug|Any CPU
		{52377297-3C34-4A82-8D5A-6DF217C7A024}.Release|Any CPU.ActiveCfg = Release|Any CPU
		{52377297-3C34-4A82-8D5A-6DF217C7A024}.Release|Any CPU.Build.0 = Release|Any CPU
	EndGlobalSection
	GlobalSection(SolutionProperties) = preSolution
		HideSolutionNode = FALSE
	EndGlobalSection
	GlobalSection(ExtensibilityGlobals) = postSolution
		SolutionGuid = {A001716B-6D2C-420B-8A92-F03B826BC416}
	EndGlobalSection
EndGlobal
